// !$*UTF8*$!
{
	archiveVersion = 1;
	classes = {
	};
	objectVersion = 50;
	objects = {

/* Begin PBXBuildFile section */
		21A538D9244027C0009A84E6 /* PersistenceManager.swift in Sources */ = {isa = PBXBuildFile; fileRef = 21A538D8244027C0009A84E6 /* PersistenceManager.swift */; };
		21A538DB244028C0009A84E6 /* ErrorMessage.swift in Sources */ = {isa = PBXBuildFile; fileRef = 21A538DA244028C0009A84E6 /* ErrorMessage.swift */; };
		21B14FF2243F76BA00955058 /* AppDelegate.swift in Sources */ = {isa = PBXBuildFile; fileRef = 21B14FF1243F76BA00955058 /* AppDelegate.swift */; };
		21B14FF4243F76BA00955058 /* SceneDelegate.swift in Sources */ = {isa = PBXBuildFile; fileRef = 21B14FF3243F76BA00955058 /* SceneDelegate.swift */; };
		21B14FF9243F76BA00955058 /* Main.storyboard in Resources */ = {isa = PBXBuildFile; fileRef = 21B14FF7243F76BA00955058 /* Main.storyboard */; };
		21B14FFB243F76BC00955058 /* Assets.xcassets in Resources */ = {isa = PBXBuildFile; fileRef = 21B14FFA243F76BC00955058 /* Assets.xcassets */; };
		21B14FFE243F76BC00955058 /* LaunchScreen.storyboard in Resources */ = {isa = PBXBuildFile; fileRef = 21B14FFC243F76BC00955058 /* LaunchScreen.storyboard */; };
		21B15006243F76F900955058 /* TasksViewController.swift in Sources */ = {isa = PBXBuildFile; fileRef = 21B15005243F76F900955058 /* TasksViewController.swift */; };
		21B15008243F7FC900955058 /* Task.swift in Sources */ = {isa = PBXBuildFile; fileRef = 21B15007243F7FC900955058 /* Task.swift */; };
		21B1500A243F800D00955058 /* TaskStore.swift in Sources */ = {isa = PBXBuildFile; fileRef = 21B15009243F800D00955058 /* TaskStore.swift */; };
/* End PBXBuildFile section */

/* Begin PBXFileReference section */
		21A538D8244027C0009A84E6 /* PersistenceManager.swift */ = {isa = PBXFileReference; lastKnownFileType = sourcecode.swift; path = PersistenceManager.swift; sourceTree = "<group>"; };
		21A538DA244028C0009A84E6 /* ErrorMessage.swift */ = {isa = PBXFileReference; lastKnownFileType = sourcecode.swift; path = ErrorMessage.swift; sourceTree = "<group>"; };
		21B14FEE243F76BA00955058 /* ToDoList.app */ = {isa = PBXFileReference; explicitFileType = wrapper.application; includeInIndex = 0; path = ToDoList.app; sourceTree = BUILT_PRODUCTS_DIR; };
		21B14FF1243F76BA00955058 /* AppDelegate.swift */ = {isa = PBXFileReference; lastKnownFileType = sourcecode.swift; path = AppDelegate.swift; sourceTree = "<group>"; };
		21B14FF3243F76BA00955058 /* SceneDelegate.swift */ = {isa = PBXFileReference; lastKnownFileType = sourcecode.swift; path = SceneDelegate.swift; sourceTree = "<group>"; };
		21B14FF8243F76BA00955058 /* Base */ = {isa = PBXFileReference; lastKnownFileType = file.storyboard; name = Base; path = Base.lproj/Main.storyboard; sourceTree = "<group>"; };
		21B14FFA243F76BC00955058 /* Assets.xcassets */ = {isa = PBXFileReference; lastKnownFileType = folder.assetcatalog; path = Assets.xcassets; sourceTree = "<group>"; };
		21B14FFD243F76BC00955058 /* Base */ = {isa = PBXFileReference; lastKnownFileType = file.storyboard; name = Base; path = Base.lproj/LaunchScreen.storyboard; sourceTree = "<group>"; };
		21B14FFF243F76BC00955058 /* Info.plist */ = {isa = PBXFileReference; lastKnownFileType = text.plist.xml; path = Info.plist; sourceTree = "<group>"; };
		21B15005243F76F900955058 /* TasksViewController.swift */ = {isa = PBXFileReference; lastKnownFileType = sourcecode.swift; path = TasksViewController.swift; sourceTree = "<group>"; };
		21B15007243F7FC900955058 /* Task.swift */ = {isa = PBXFileReference; lastKnownFileType = sourcecode.swift; path = Task.swift; sourceTree = "<group>"; };
		21B15009243F800D00955058 /* TaskStore.swift */ = {isa = PBXFileReference; lastKnownFileType = sourcecode.swift; path = TaskStore.swift; sourceTree = "<group>"; };
/* End PBXFileReference section */

/* Begin PBXFrameworksBuildPhase section */
		21B14FEB243F76BA00955058 /* Frameworks */ = {
			isa = PBXFrameworksBuildPhase;
			buildActionMask = 2147483647;
			files = (
			);
			runOnlyForDeploymentPostprocessing = 0;
		};
/* End PBXFrameworksBuildPhase section */

/* Begin PBXGroup section */
		21A538D124401EFA009A84E6 /* Model */ = {
			isa = PBXGroup;
			children = (
				21B15007243F7FC900955058 /* Task.swift */,
			);
			path = Model;
			sourceTree = "<group>";
		};
		21A538D224401F08009A84E6 /* ViewControllers */ = {
			isa = PBXGroup;
			children = (
				21B15005243F76F900955058 /* TasksViewController.swift */,
			);
			path = ViewControllers;
			sourceTree = "<group>";
		};
		21A538D424401F26009A84E6 /* System */ = {
			isa = PBXGroup;
			children = (
				21B14FFC243F76BC00955058 /* LaunchScreen.storyboard */,
				21B14FF3243F76BA00955058 /* SceneDelegate.swift */,
				21B14FF1243F76BA00955058 /* AppDelegate.swift */,
				21B14FFA243F76BC00955058 /* Assets.xcassets */,
			);
			path = System;
			sourceTree = "<group>";
		};
		21A538D524401F95009A84E6 /* Helper */ = {
			isa = PBXGroup;
			children = (
				21B15009243F800D00955058 /* TaskStore.swift */,
				21A538D8244027C0009A84E6 /* PersistenceManager.swift */,
				21A538DA244028C0009A84E6 /* ErrorMessage.swift */,
			);
			path = Helper;
			sourceTree = "<group>";
		};
		21B14FE5243F76BA00955058 = {
			isa = PBXGroup;
			children = (
				21B14FF0243F76BA00955058 /* ToDoList */,
				21B14FFF243F76BC00955058 /* Info.plist */,
				21B14FEF243F76BA00955058 /* Products */,
			);
			sourceTree = "<group>";
		};
		21B14FEF243F76BA00955058 /* Products */ = {
			isa = PBXGroup;
			children = (
				21B14FEE243F76BA00955058 /* ToDoList.app */,
			);
			name = Products;
			sourceTree = "<group>";
		};
		21B14FF0243F76BA00955058 /* ToDoList */ = {
			isa = PBXGroup;
			children = (
				21B14FF7243F76BA00955058 /* Main.storyboard */,
				21A538D524401F95009A84E6 /* Helper */,
				21A538D124401EFA009A84E6 /* Model */,
				21A538D224401F08009A84E6 /* ViewControllers */,
				21A538D424401F26009A84E6 /* System */,
			);
			path = ToDoList;
			sourceTree = "<group>";
		};
/* End PBXGroup section */

/* Begin PBXNativeTarget section */
		21B14FED243F76BA00955058 /* ToDoList */ = {
			isa = PBXNativeTarget;
			buildConfigurationList = 21B15002243F76BC00955058 /* Build configuration list for PBXNativeTarget "ToDoList" */;
			buildPhases = (
				21B14FEA243F76BA00955058 /* Sources */,
				21B14FEB243F76BA00955058 /* Frameworks */,
				21B14FEC243F76BA00955058 /* Resources */,
			);
			buildRules = (
			);
			dependencies = (
			);
			name = ToDoList;
			productName = ToDoList;
			productReference = 21B14FEE243F76BA00955058 /* ToDoList.app */;
			productType = "com.apple.product-type.application";
		};
/* End PBXNativeTarget section */

/* Begin PBXProject section */
		21B14FE6243F76BA00955058 /* Project object */ = {
			isa = PBXProject;
			attributes = {
				LastSwiftUpdateCheck = 1140;
				LastUpgradeCheck = 1140;
				ORGANIZATIONNAME = "chandrasekhar yadavally";
				TargetAttributes = {
					21B14FED243F76BA00955058 = {
						CreatedOnToolsVersion = 11.4;
					};
				};
			};
			buildConfigurationList = 21B14FE9243F76BA00955058 /* Build configuration list for PBXProject "ToDoList" */;
			compatibilityVersion = "Xcode 9.3";
			developmentRegion = en;
			hasScannedForEncodings = 0;
			knownRegions = (
				en,
				Base,
			);
			mainGroup = 21B14FE5243F76BA00955058;
			productRefGroup = 21B14FEF243F76BA00955058 /* Products */;
			projectDirPath = "";
			projectRoot = "";
			targets = (
				21B14FED243F76BA00955058 /* ToDoList */,
			);
		};
/* End PBXProject section */

/* Begin PBXResourcesBuildPhase section */
		21B14FEC243F76BA00955058 /* Resources */ = {
			isa = PBXResourcesBuildPhase;
			buildActionMask = 2147483647;
			files = (
				21B14FFE243F76BC00955058 /* LaunchScreen.storyboard in Resources */,
				21B14FFB243F76BC00955058 /* Assets.xcassets in Resources */,
				21B14FF9243F76BA00955058 /* Main.storyboard in Resources */,
			);
			runOnlyForDeploymentPostprocessing = 0;
		};
/* End PBXResourcesBuildPhase section */

/* Begin PBXSourcesBuildPhase section */
		21B14FEA243F76BA00955058 /* Sources */ = {
			isa = PBXSourcesBuildPhase;
			buildActionMask = 2147483647;
			files = (
				21B1500A243F800D00955058 /* TaskStore.swift in Sources */,
				21A538DB244028C0009A84E6 /* ErrorMessage.swift in Sources */,
				21B15008243F7FC900955058 /* Task.swift in Sources */,
				21B14FF2243F76BA00955058 /* AppDelegate.swift in Sources */,
				21A538D9244027C0009A84E6 /* PersistenceManager.swift in Sources */,
				21B14FF4243F76BA00955058 /* SceneDelegate.swift in Sources */,
				21B15006243F76F900955058 /* TasksViewController.swift in Sources */,
			);
			runOnlyForDeploymentPostprocessing = 0;
		};
/* End PBXSourcesBuildPhase section */

/* Begin PBXVariantGroup section */
		21B14FF7243F76BA00955058 /* Main.storyboard */ = {
			isa = PBXVariantGroup;
			children = (
				21B14FF8243F76BA00955058 /* Base */,
			);
			name = Main.storyboard;
			sourceTree = "<group>";
		};
		21B14FFC243F76BC00955058 /* LaunchScreen.storyboard */ = {
			isa = PBXVariantGroup;
			children = (
				21B14FFD243F76BC00955058 /* Base */,
			);
			name = LaunchScreen.storyboard;
			sourceTree = "<group>";
		};
/* End PBXVariantGroup section */

/* Begin XCBuildConfiguration section */
		21B15000243F76BC00955058 /* Debug */ = {
			isa = XCBuildConfiguration;
			buildSettings = {
				ALWAYS_SEARCH_USER_PATHS = NO;
				CLANG_ANALYZER_NONNULL = YES;
				CLANG_ANALYZER_NUMBER_OBJECT_CONVERSION = YES_AGGRESSIVE;
				CLANG_CXX_LANGUAGE_STANDARD = "gnu++14";
				CLANG_CXX_LIBRARY = "libc++";
				CLANG_ENABLE_MODULES = YES;
				CLANG_ENABLE_OBJC_ARC = YES;
				CLANG_ENABLE_OBJC_WEAK = YES;
				CLANG_WARN_BLOCK_CAPTURE_AUTORELEASING = YES;
				CLANG_WARN_BOOL_CONVERSION = YES;
				CLANG_WARN_COMMA = YES;
				CLANG_WARN_CONSTANT_CONVERSION = YES;
				CLANG_WARN_DEPRECATED_OBJC_IMPLEMENTATIONS = YES;
				CLANG_WARN_DIRECT_OBJC_ISA_USAGE = YES_ERROR;
				CLANG_WARN_DOCUMENTATION_COMMENTS = YES;
				CLANG_WARN_EMPTY_BODY = YES;
				CLANG_WARN_ENUM_CONVERSION = YES;
				CLANG_WARN_INFINITE_RECURSION = YES;
				CLANG_WARN_INT_CONVERSION = YES;
				CLANG_WARN_NON_LITERAL_NULL_CONVERSION = YES;
				CLANG_WARN_OBJC_IMPLICIT_RETAIN_SELF = YES;
				CLANG_WARN_OBJC_LITERAL_CONVERSION = YES;
				CLANG_WARN_OBJC_ROOT_CLASS = YES_ERROR;
				CLANG_WARN_RANGE_LOOP_ANALYSIS = YES;
				CLANG_WARN_STRICT_PROTOTYPES = YES;
				CLANG_WARN_SUSPICIOUS_MOVE = YES;
				CLANG_WARN_UNGUARDED_AVAILABILITY = YES_AGGRESSIVE;
				CLANG_WARN_UNREACHABLE_CODE = YES;
				CLANG_WARN__DUPLICATE_METHOD_MATCH = YES;
				COPY_PHASE_STRIP = NO;
				DEBUG_INFORMATION_FORMAT = dwarf;
				ENABLE_STRICT_OBJC_MSGSEND = YES;
				ENABLE_TESTABILITY = YES;
				GCC_C_LANGUAGE_STANDARD = gnu11;
				GCC_DYNAMIC_NO_PIC = NO;
				GCC_NO_COMMON_BLOCKS = YES;
				GCC_OPTIMIZATION_LEVEL = 0;
				GCC_PREPROCESSOR_DEFINITIONS = (
					"DEBUG=1",
					"$(inherited)",
				);
				GCC_WARN_64_TO_32_BIT_CONVERSION = YES;
				GCC_WARN_ABOUT_RETURN_TYPE = YES_ERROR;
				GCC_WARN_UNDECLARED_SELECTOR = YES;
				GCC_WARN_UNINITIALIZED_AUTOS = YES_AGGRESSIVE;
				GCC_WARN_UNUSED_FUNCTION = YES;
				GCC_WARN_UNUSED_VARIABLE = YES;
				IPHONEOS_DEPLOYMENT_TARGET = 13.4;
				MTL_ENABLE_DEBUG_INFO = INCLUDE_SOURCE;
				MTL_FAST_MATH = YES;
				ONLY_ACTIVE_ARCH = YES;
				SDKROOT = iphoneos;
				SWIFT_ACTIVE_COMPILATION_CONDITIONS = DEBUG;
				SWIFT_OPTIMIZATION_LEVEL = "-Onone";
			};
			name = Debug;
		};
		21B15001243F76BC00955058 /* Release */ = {
			isa = XCBuildConfiguration;
			buildSettings = {
				ALWAYS_SEARCH_USER_PATHS = NO;
				CLANG_ANALYZER_NONNULL = YES;
				CLANG_ANALYZER_NUMBER_OBJECT_CONVERSION = YES_AGGRESSIVE;
				CLANG_CXX_LANGUAGE_STANDARD = "gnu++14";
				CLANG_CXX_LIBRARY = "libc++";
				CLANG_ENABLE_MODULES = YES;
				CLANG_ENABLE_OBJC_ARC = YES;
				CLANG_ENABLE_OBJC_WEAK = YES;
				CLANG_WARN_BLOCK_CAPTURE_AUTORELEASING = YES;
				CLANG_WARN_BOOL_CONVERSION = YES;
				CLANG_WARN_COMMA = YES;
				CLANG_WARN_CONSTANT_CONVERSION = YES;
				CLANG_WARN_DEPRECATED_OBJC_IMPLEMENTATIONS = YES;
				CLANG_WARN_DIRECT_OBJC_ISA_USAGE = YES_ERROR;
				CLANG_WARN_DOCUMENTATION_COMMENTS = YES;
				CLANG_WARN_EMPTY_BODY = YES;
				CLANG_WARN_ENUM_CONVERSION = YES;
				CLANG_WARN_INFINITE_RECURSION = YES;
				CLANG_WARN_INT_CONVERSION = YES;
				CLANG_WARN_NON_LITERAL_NULL_CONVERSION = YES;
				CLANG_WARN_OBJC_IMPLICIT_RETAIN_SELF = YES;
				CLANG_WARN_OBJC_LITERAL_CONVERSION = YES;
				CLANG_WARN_OBJC_ROOT_CLASS = YES_ERROR;
				CLANG_WARN_RANGE_LOOP_ANALYSIS = YES;
				CLANG_WARN_STRICT_PROTOTYPES = YES;
				CLANG_WARN_SUSPICIOUS_MOVE = YES;
				CLANG_WARN_UNGUARDED_AVAILABILITY = YES_AGGRESSIVE;
				CLANG_WARN_UNREACHABLE_CODE = YES;
				CLANG_WARN__DUPLICATE_METHOD_MATCH = YES;
				COPY_PHASE_STRIP = NO;
				DEBUG_INFORMATION_FORMAT = "dwarf-with-dsym";
				ENABLE_NS_ASSERTIONS = NO;
				ENABLE_STRICT_OBJC_MSGSEND = YES;
				GCC_C_LANGUAGE_STANDARD = gnu11;
				GCC_NO_COMMON_BLOCKS = YES;
				GCC_WARN_64_TO_32_BIT_CONVERSION = YES;
				GCC_WARN_ABOUT_RETURN_TYPE = YES_ERROR;
				GCC_WARN_UNDECLARED_SELECTOR = YES;
				GCC_WARN_UNINITIALIZED_AUTOS = YES_AGGRESSIVE;
				GCC_WARN_UNUSED_FUNCTION = YES;
				GCC_WARN_UNUSED_VARIABLE = YES;
				IPHONEOS_DEPLOYMENT_TARGET = 13.4;
				MTL_ENABLE_DEBUG_INFO = NO;
				MTL_FAST_MATH = YES;
				SDKROOT = iphoneos;
				SWIFT_COMPILATION_MODE = wholemodule;
				SWIFT_OPTIMIZATION_LEVEL = "-O";
				VALIDATE_PRODUCT = YES;
			};
			name = Release;
		};
		21B15003243F76BC00955058 /* Debug */ = {
			isa = XCBuildConfiguration;
			buildSettings = {
				ASSETCATALOG_COMPILER_APPICON_NAME = AppIcon;
				CODE_SIGN_STYLE = Automatic;
				DEVELOPMENT_TEAM = 3VAX3T6XZQ;
				INFOPLIST_FILE = "$(SRCROOT)/Info.plist";
				LD_RUNPATH_SEARCH_PATHS = (
					"$(inherited)",
					"@executable_path/Frameworks",
				);
				PRODUCT_BUNDLE_IDENTIFIER = com.soham.ToDoList;
				PRODUCT_NAME = "$(TARGET_NAME)";
				SWIFT_VERSION = 5.0;
				TARGETED_DEVICE_FAMILY = "1,2";
			};
			name = Debug;
		};
		21B15004243F76BC00955058 /* Release */ = {
			isa = XCBuildConfiguration;
			buildSettings = {
				ASSETCATALOG_COMPILER_APPICON_NAME = AppIcon;
				CODE_SIGN_STYLE = Automatic;
				DEVELOPMENT_TEAM = 3VAX3T6XZQ;
				INFOPLIST_FILE = "$(SRCROOT)/Info.plist";
				LD_RUNPATH_SEARCH_PATHS = (
					"$(inherited)",
					"@executable_path/Frameworks",
				);
				PRODUCT_BUNDLE_IDENTIFIER = com.soham.ToDoList;
				PRODUCT_NAME = "$(TARGET_NAME)";
				SWIFT_VERSION = 5.0;
				TARGETED_DEVICE_FAMILY = "1,2";
			};
			name = Release;
		};
/* End XCBuildConfiguration section */

/* Begin XCConfigurationList section */
		21B14FE9243F76BA00955058 /* Build configuration list for PBXProject "ToDoList" */ = {
			isa = XCConfigurationList;
			buildConfigurations = (
				21B15000243F76BC00955058 /* Debug */,
				21B15001243F76BC00955058 /* Release */,
			);
			defaultConfigurationIsVisible = 0;
			defaultConfigurationName = Release;
		};
		21B15002243F76BC00955058 /* Build configuration list for PBXNativeTarget "ToDoList" */ = {
			isa = XCConfigurationList;
			buildConfigurations = (
				21B15003243F76BC00955058 /* Debug */,
				21B15004243F76BC00955058 /* Release */,
			);
			defaultConfigurationIsVisible = 0;
			defaultConfigurationName = Release;
		};
/* End XCConfigurationList section */
	};
	rootObject = 21B14FE6243F76BA00955058 /* Project object */;
}
